
Microsoft Visual Studio Solution File, Format Version 12.00
# Visual Studio Version 17
VisualStudioVersion = 17.9.34607.119
MinimumVisualStudioVersion = 10.0.40219.1
Project("{FAE04EC0-301F-11D3-BF4B-00C04F79EFBC}") = "WpfApp1", "WpfApp1\WpfApp1.csproj", "{55501433-31DD-4673-8B34-F8462931789C}"
EndProject
Global
	GlobalSection(SolutionConfigurationPlatforms) = preSolution
		Debug|Any CPU = Debug|Any CPU
		Release|Any CPU = Release|Any CPU
	EndGlobalSection
	GlobalSection(ProjectConfigurationPlatforms) = postSolution
		{55501433-31DD-4673-8B34-F8462931789C}.Debug|Any CPU.ActiveCfg = Debug|Any CPU
		{55501433-31DD-4673-8B34-F8462931789C}.Debug|Any CPU.Build.0 = Debug|Any CPU
		{55501433-31DD-4673-8B34-F8462931789C}.Release|Any CPU.ActiveCfg = Release|Any CPU
		{55501433-31DD-4673-8B34-F8462931789C}.Release|Any CPU.Build.0 = Release|Any CPU
	EndGlobalSection
	GlobalSection(SolutionProperties) = preSolution
		HideSolutionNode = FALSE
	EndGlobalSection
	GlobalSection(ExtensibilityGlobals) = postSolution
		SolutionGuid = {222638CE-DDB4-4179-87D1-1AB4A72973AC}
	EndGlobalSection
EndGlobal
